
Microsoft Visual Studio Solution File, Format Version 12.00
# Visual Studio 15
VisualStudioVersion = 15.0.27428.2011
MinimumVisualStudioVersion = 10.0.40219.1
Project("{FAE04EC0-301F-11D3-BF4B-00C04F79EFBC}") = "SkripsiGabungan", "SkripsiGabungan\SkripsiGabungan.csproj", "{D7084861-B6D1-4FFF-AE6D-5488517AFE7C}"
EndProject
Global
	GlobalSection(SolutionConfigurationPlatforms) = preSolution
		Debug|Any CPU = Debug|Any CPU
		Release|Any CPU = Release|Any CPU
	EndGlobalSection
	GlobalSection(ProjectConfigurationPlatforms) = postSolution
		{D7084861-B6D1-4FFF-AE6D-5488517AFE7C}.Debug|Any CPU.ActiveCfg = Debug|Any CPU
		{D7084861-B6D1-4FFF-AE6D-5488517AFE7C}.Debug|Any CPU.Build.0 = Debug|Any CPU
		{D7084861-B6D1-4FFF-AE6D-5488517AFE7C}.Release|Any CPU.ActiveCfg = Release|Any CPU
		{D7084861-B6D1-4FFF-AE6D-5488517AFE7C}.Release|Any CPU.Build.0 = Release|Any CPU
	EndGlobalSection
	GlobalSection(SolutionProperties) = preSolution
		HideSolutionNode = FALSE
	EndGlobalSection
	GlobalSection(ExtensibilityGlobals) = postSolution
		SolutionGuid = {194E9B8D-F8BF-4FB3-8A40-FE1FC784DDF2}
	EndGlobalSection
EndGlobal
